
Microsoft Visual Studio Solution File, Format Version 12.00
# Visual Studio Version 17
VisualStudioVersion = 17.14.36109.1 d17.14
MinimumVisualStudioVersion = 10.0.40219.1
Project("{FAE04EC0-301F-11D3-BF4B-00C04F79EFBC}") = "PizzaPlace", "PizzaPlace\PizzaPlace.csproj", "{8317C55C-74F5-40AB-892B-301FFEF3FCFB}"
EndProject
Global
	GlobalSection(SolutionConfigurationPlatforms) = preSolution
		Debug|Any CPU = Debug|Any CPU
		Release|Any CPU = Release|Any CPU
	EndGlobalSection
	GlobalSection(ProjectConfigurationPlatforms) = postSolution
		{8317C55C-74F5-40AB-892B-301FFEF3FCFB}.Debug|Any CPU.ActiveCfg = Debug|Any CPU
		{8317C55C-74F5-40AB-892B-301FFEF3FCFB}.Debug|Any CPU.Build.0 = Debug|Any CPU
		{8317C55C-74F5-40AB-892B-301FFEF3FCFB}.Release|Any CPU.ActiveCfg = Release|Any CPU
		{8317C55C-74F5-40AB-892B-301FFEF3FCFB}.Release|Any CPU.Build.0 = Release|Any CPU
	EndGlobalSection
	GlobalSection(SolutionProperties) = preSolution
		HideSolutionNode = FALSE
	EndGlobalSection
	GlobalSection(ExtensibilityGlobals) = postSolution
		SolutionGuid = {DC31E9CF-030D-4B1D-BB01-F40EBA9899CB}
	EndGlobalSection
EndGlobal
